// !$*UTF8*$!
{
	archiveVersion = 1;
	classes = {
	};
	objectVersion = 56;
	objects = {

/* Begin PBXBuildFile section */
		5072E5182A4DAD0200764240 /* MainViewModel.swift in Sources */ = {isa = PBXBuildFile; fileRef = 5072E5172A4DAD0100764240 /* MainViewModel.swift */; };
		5072E51A2A4DB17300764240 /* Bundle+Extension.swift in Sources */ = {isa = PBXBuildFile; fileRef = 5072E5192A4DB17300764240 /* Bundle+Extension.swift */; };
		5072E51C2A4ECE0400764240 /* Image + Extension.swift in Sources */ = {isa = PBXBuildFile; fileRef = 5072E51B2A4ECE0400764240 /* Image + Extension.swift */; };
		50AC87932A4D7BB80014D45E /* Bulletin_boardApp.swift in Sources */ = {isa = PBXBuildFile; fileRef = 50AC87922A4D7BB80014D45E /* Bulletin_boardApp.swift */; };
		50AC87952A4D7BB80014D45E /* MainView.swift in Sources */ = {isa = PBXBuildFile; fileRef = 50AC87942A4D7BB80014D45E /* MainView.swift */; };
		50AC87972A4D7BBA0014D45E /* Assets.xcassets in Resources */ = {isa = PBXBuildFile; fileRef = 50AC87962A4D7BBA0014D45E /* Assets.xcassets */; };
		50AC879A2A4D7BBA0014D45E /* Preview Assets.xcassets in Resources */ = {isa = PBXBuildFile; fileRef = 50AC87992A4D7BBA0014D45E /* Preview Assets.xcassets */; };
		50AC87A92A4D7DB20014D45E /* ContentSizeCategory+Extension.swift in Sources */ = {isa = PBXBuildFile; fileRef = 50AC87A82A4D7DB20014D45E /* ContentSizeCategory+Extension.swift */; };
		50AC87AB2A4D7DB90014D45E /* UIColor+Extension.swift in Sources */ = {isa = PBXBuildFile; fileRef = 50AC87AA2A4D7DB90014D45E /* UIColor+Extension.swift */; };
		50AC87AD2A4D7DC10014D45E /* View+Extension.swift in Sources */ = {isa = PBXBuildFile; fileRef = 50AC87AC2A4D7DC10014D45E /* View+Extension.swift */; };
		50AC87AF2A4D7DCF0014D45E /* R.swift in Sources */ = {isa = PBXBuildFile; fileRef = 50AC87AE2A4D7DCF0014D45E /* R.swift */; };
		50AC87BD2A4D7EEB0014D45E /* ResponseModel.swift in Sources */ = {isa = PBXBuildFile; fileRef = 50AC87BC2A4D7EEB0014D45E /* ResponseModel.swift */; };
		50AC87C02A4D821E0014D45E /* VStack+Extension.swift in Sources */ = {isa = PBXBuildFile; fileRef = 50AC87BF2A4D821E0014D45E /* VStack+Extension.swift */; };
		50AC87C22A4D82240014D45E /* HStack+Extension.swift in Sources */ = {isa = PBXBuildFile; fileRef = 50AC87C12A4D82240014D45E /* HStack+Extension.swift */; };
		50AC87C42A4D83430014D45E /* data.json in Resources */ = {isa = PBXBuildFile; fileRef = 50AC87C32A4D83430014D45E /* data.json */; };
		50AC87CE2A4D86CE0014D45E /* SFProDisplay-Medium.ttf in Resources */ = {isa = PBXBuildFile; fileRef = 50AC87CA2A4D86150014D45E /* SFProDisplay-Medium.ttf */; };
		50AC87CF2A4D86D20014D45E /* SFProDisplay-Bold.otf in Resources */ = {isa = PBXBuildFile; fileRef = 50AC87CD2A4D861D0014D45E /* SFProDisplay-Bold.otf */; };
/* End PBXBuildFile section */

/* Begin PBXFileReference section */
		5072E5172A4DAD0100764240 /* MainViewModel.swift */ = {isa = PBXFileReference; lastKnownFileType = sourcecode.swift; path = MainViewModel.swift; sourceTree = "<group>"; };
		5072E5192A4DB17300764240 /* Bundle+Extension.swift */ = {isa = PBXFileReference; fileEncoding = 4; lastKnownFileType = sourcecode.swift; path = "Bundle+Extension.swift"; sourceTree = "<group>"; };
		5072E51B2A4ECE0400764240 /* Image + Extension.swift */ = {isa = PBXFileReference; lastKnownFileType = sourcecode.swift; path = "Image + Extension.swift"; sourceTree = "<group>"; };
		50AC878F2A4D7BB80014D45E /* Bulletin board.app */ = {isa = PBXFileReference; explicitFileType = wrapper.application; includeInIndex = 0; path = "Bulletin board.app"; sourceTree = BUILT_PRODUCTS_DIR; };
		50AC87922A4D7BB80014D45E /* Bulletin_boardApp.swift */ = {isa = PBXFileReference; lastKnownFileType = sourcecode.swift; path = Bulletin_boardApp.swift; sourceTree = "<group>"; };
		50AC87942A4D7BB80014D45E /* MainView.swift */ = {isa = PBXFileReference; lastKnownFileType = sourcecode.swift; path = MainView.swift; sourceTree = "<group>"; };
		50AC87962A4D7BBA0014D45E /* Assets.xcassets */ = {isa = PBXFileReference; lastKnownFileType = folder.assetcatalog; path = Assets.xcassets; sourceTree = "<group>"; };
		50AC87992A4D7BBA0014D45E /* Preview Assets.xcassets */ = {isa = PBXFileReference; lastKnownFileType = folder.assetcatalog; path = "Preview Assets.xcassets"; sourceTree = "<group>"; };
		50AC87A82A4D7DB20014D45E /* ContentSizeCategory+Extension.swift */ = {isa = PBXFileReference; fileEncoding = 4; lastKnownFileType = sourcecode.swift; path = "ContentSizeCategory+Extension.swift"; sourceTree = "<group>"; };
		50AC87AA2A4D7DB90014D45E /* UIColor+Extension.swift */ = {isa = PBXFileReference; fileEncoding = 4; lastKnownFileType = sourcecode.swift; path = "UIColor+Extension.swift"; sourceTree = "<group>"; };
		50AC87AC2A4D7DC10014D45E /* View+Extension.swift */ = {isa = PBXFileReference; fileEncoding = 4; lastKnownFileType = sourcecode.swift; path = "View+Extension.swift"; sourceTree = "<group>"; };
		50AC87AE2A4D7DCF0014D45E /* R.swift */ = {isa = PBXFileReference; fileEncoding = 4; lastKnownFileType = sourcecode.swift; path = R.swift; sourceTree = "<group>"; };
		50AC87B22A4D7E360014D45E /* Bulletin-board-Info.plist */ = {isa = PBXFileReference; lastKnownFileType = text.plist; path = "Bulletin-board-Info.plist"; sourceTree = SOURCE_ROOT; };
		50AC87BC2A4D7EEB0014D45E /* ResponseModel.swift */ = {isa = PBXFileReference; fileEncoding = 4; lastKnownFileType = sourcecode.swift; path = ResponseModel.swift; sourceTree = "<group>"; };
		50AC87BF2A4D821E0014D45E /* VStack+Extension.swift */ = {isa = PBXFileReference; fileEncoding = 4; lastKnownFileType = sourcecode.swift; path = "VStack+Extension.swift"; sourceTree = "<group>"; };
		50AC87C12A4D82240014D45E /* HStack+Extension.swift */ = {isa = PBXFileReference; fileEncoding = 4; lastKnownFileType = sourcecode.swift; path = "HStack+Extension.swift"; sourceTree = "<group>"; };
		50AC87C32A4D83430014D45E /* data.json */ = {isa = PBXFileReference; fileEncoding = 4; lastKnownFileType = text.json; path = data.json; sourceTree = "<group>"; };
		50AC87C92A4D86150014D45E /* Base */ = {isa = PBXFileReference; lastKnownFileType = file; name = Base; path = "Base.lproj/SFProDisplay-Medium.ttf"; sourceTree = "<group>"; };
		50AC87CC2A4D861D0014D45E /* Base */ = {isa = PBXFileReference; lastKnownFileType = file; name = Base; path = "Base.lproj/SFProDisplay-Bold.otf"; sourceTree = "<group>"; };
/* End PBXFileReference section */

/* Begin PBXFrameworksBuildPhase section */
		50AC878C2A4D7BB80014D45E /* Frameworks */ = {
			isa = PBXFrameworksBuildPhase;
			buildActionMask = 2147483647;
			files = (
			);
			runOnlyForDeploymentPostprocessing = 0;
		};
/* End PBXFrameworksBuildPhase section */

/* Begin PBXGroup section */
		50AC87862A4D7BB80014D45E = {
			isa = PBXGroup;
			children = (
				50AC87912A4D7BB80014D45E /* Bulletin board */,
				50AC87902A4D7BB80014D45E /* Products */,
			);
			sourceTree = "<group>";
		};
		50AC87902A4D7BB80014D45E /* Products */ = {
			isa = PBXGroup;
			children = (
				50AC878F2A4D7BB80014D45E /* Bulletin board.app */,
			);
			name = Products;
			sourceTree = "<group>";
		};
		50AC87912A4D7BB80014D45E /* Bulletin board */ = {
			isa = PBXGroup;
			children = (
				50AC87B22A4D7E360014D45E /* Bulletin-board-Info.plist */,
				50AC87A02A4D7BF00014D45E /* App */,
				50AC87B32A4D7EAB0014D45E /* NetwokService */,
				50AC87A22A4D7C480014D45E /* Modules */,
				50AC87A72A4D7D8B0014D45E /* Extensions */,
				50AC87A42A4D7C9A0014D45E /* Resources */,
				50AC87C32A4D83430014D45E /* data.json */,
				50AC87982A4D7BBA0014D45E /* Preview Content */,
			);
			path = "Bulletin board";
			sourceTree = "<group>";
		};
		50AC87982A4D7BBA0014D45E /* Preview Content */ = {
			isa = PBXGroup;
			children = (
				50AC87992A4D7BBA0014D45E /* Preview Assets.xcassets */,
			);
			path = "Preview Content";
			sourceTree = "<group>";
		};
		50AC87A02A4D7BF00014D45E /* App */ = {
			isa = PBXGroup;
			children = (
				50AC87922A4D7BB80014D45E /* Bulletin_boardApp.swift */,
			);
			path = App;
			sourceTree = "<group>";
		};
		50AC87A22A4D7C480014D45E /* Modules */ = {
			isa = PBXGroup;
			children = (
				50AC87942A4D7BB80014D45E /* MainView.swift */,
				5072E5172A4DAD0100764240 /* MainViewModel.swift */,
			);
			path = Modules;
			sourceTree = "<group>";
		};
		50AC87A42A4D7C9A0014D45E /* Resources */ = {
			isa = PBXGroup;
			children = (
				50AC87B02A4D7DEB0014D45E /* Fonts */,
				50AC87962A4D7BBA0014D45E /* Assets.xcassets */,
				50AC87AE2A4D7DCF0014D45E /* R.swift */,
			);
			path = Resources;
			sourceTree = "<group>";
		};
		50AC87A72A4D7D8B0014D45E /* Extensions */ = {
			isa = PBXGroup;
			children = (
				50AC87A82A4D7DB20014D45E /* ContentSizeCategory+Extension.swift */,
				5072E51B2A4ECE0400764240 /* Image + Extension.swift */,
				50AC87BF2A4D821E0014D45E /* VStack+Extension.swift */,
				50AC87C12A4D82240014D45E /* HStack+Extension.swift */,
				50AC87AA2A4D7DB90014D45E /* UIColor+Extension.swift */,
				50AC87AC2A4D7DC10014D45E /* View+Extension.swift */,
				5072E5192A4DB17300764240 /* Bundle+Extension.swift */,
			);
			path = Extensions;
			sourceTree = "<group>";
		};
		50AC87B02A4D7DEB0014D45E /* Fonts */ = {
			isa = PBXGroup;
			children = (
				50AC87CA2A4D86150014D45E /* SFProDisplay-Medium.ttf */,
				50AC87CD2A4D861D0014D45E /* SFProDisplay-Bold.otf */,
			);
			path = Fonts;
			sourceTree = "<group>";
		};
		50AC87B32A4D7EAB0014D45E /* NetwokService */ = {
			isa = PBXGroup;
			children = (
				50AC87BC2A4D7EEB0014D45E /* ResponseModel.swift */,
			);
			path = NetwokService;
			sourceTree = "<group>";
		};
/* End PBXGroup section */

/* Begin PBXNativeTarget section */
		50AC878E2A4D7BB80014D45E /* Bulletin board */ = {
			isa = PBXNativeTarget;
			buildConfigurationList = 50AC879D2A4D7BBA0014D45E /* Build configuration list for PBXNativeTarget "Bulletin board" */;
			buildPhases = (
				50AC878B2A4D7BB80014D45E /* Sources */,
				50AC878C2A4D7BB80014D45E /* Frameworks */,
				50AC878D2A4D7BB80014D45E /* Resources */,
				50AC87BE2A4D7FBD0014D45E /* SwiftLint */,
			);
			buildRules = (
			);
			dependencies = (
			);
			name = "Bulletin board";
			productName = "Bulletin board";
			productReference = 50AC878F2A4D7BB80014D45E /* Bulletin board.app */;
			productType = "com.apple.product-type.application";
		};
/* End PBXNativeTarget section */

/* Begin PBXProject section */
		50AC87872A4D7BB80014D45E /* Project object */ = {
			isa = PBXProject;
			attributes = {
				BuildIndependentTargetsInParallel = 1;
				LastSwiftUpdateCheck = 1430;
				LastUpgradeCheck = 1430;
				TargetAttributes = {
					50AC878E2A4D7BB80014D45E = {
						CreatedOnToolsVersion = 14.3.1;
					};
				};
			};
			buildConfigurationList = 50AC878A2A4D7BB80014D45E /* Build configuration list for PBXProject "Bulletin board" */;
			compatibilityVersion = "Xcode 14.0";
			developmentRegion = en;
			hasScannedForEncodings = 0;
			knownRegions = (
				en,
				Base,
			);
			mainGroup = 50AC87862A4D7BB80014D45E;
			productRefGroup = 50AC87902A4D7BB80014D45E /* Products */;
			projectDirPath = "";
			projectRoot = "";
			targets = (
				50AC878E2A4D7BB80014D45E /* Bulletin board */,
			);
		};
/* End PBXProject section */

/* Begin PBXResourcesBuildPhase section */
		50AC878D2A4D7BB80014D45E /* Resources */ = {
			isa = PBXResourcesBuildPhase;
			buildActionMask = 2147483647;
			files = (
				50AC879A2A4D7BBA0014D45E /* Preview Assets.xcassets in Resources */,
				50AC87CE2A4D86CE0014D45E /* SFProDisplay-Medium.ttf in Resources */,
				50AC87CF2A4D86D20014D45E /* SFProDisplay-Bold.otf in Resources */,
				50AC87C42A4D83430014D45E /* data.json in Resources */,
				50AC87972A4D7BBA0014D45E /* Assets.xcassets in Resources */,
			);
			runOnlyForDeploymentPostprocessing = 0;
		};
/* End PBXResourcesBuildPhase section */

/* Begin PBXShellScriptBuildPhase section */
		50AC87BE2A4D7FBD0014D45E /* SwiftLint */ = {
			isa = PBXShellScriptBuildPhase;
			buildActionMask = 2147483647;
			files = (
			);
			inputFileListPaths = (
			);
			inputPaths = (
			);
			name = SwiftLint;
			outputFileListPaths = (
			);
			outputPaths = (
			);
			runOnlyForDeploymentPostprocessing = 0;
			shellPath = /bin/sh;
			shellScript = "export PATH=\"$PATH:/opt/homebrew/bin\"\nif which swiftlint > /dev/null; then\n  swiftlint && swiftlint --fix\nelse\n  echo \"warning: SwiftLint not installed, download from https://github.com/realm/SwiftLint\"\nfi\n";
		};
/* End PBXShellScriptBuildPhase section */

/* Begin PBXSourcesBuildPhase section */
		50AC878B2A4D7BB80014D45E /* Sources */ = {
			isa = PBXSourcesBuildPhase;
			buildActionMask = 2147483647;
			files = (
				5072E51A2A4DB17300764240 /* Bundle+Extension.swift in Sources */,
				5072E51C2A4ECE0400764240 /* Image + Extension.swift in Sources */,
				50AC87AF2A4D7DCF0014D45E /* R.swift in Sources */,
				50AC87BD2A4D7EEB0014D45E /* ResponseModel.swift in Sources */,
				50AC87A92A4D7DB20014D45E /* ContentSizeCategory+Extension.swift in Sources */,
				50AC87C22A4D82240014D45E /* HStack+Extension.swift in Sources */,
				50AC87952A4D7BB80014D45E /* MainView.swift in Sources */,
				50AC87C02A4D821E0014D45E /* VStack+Extension.swift in Sources */,
				5072E5182A4DAD0200764240 /* MainViewModel.swift in Sources */,
				50AC87AD2A4D7DC10014D45E /* View+Extension.swift in Sources */,
				50AC87932A4D7BB80014D45E /* Bulletin_boardApp.swift in Sources */,
				50AC87AB2A4D7DB90014D45E /* UIColor+Extension.swift in Sources */,
			);
			runOnlyForDeploymentPostprocessing = 0;
		};
/* End PBXSourcesBuildPhase section */

/* Begin PBXVariantGroup section */
		50AC87CA2A4D86150014D45E /* SFProDisplay-Medium.ttf */ = {
			isa = PBXVariantGroup;
			children = (
				50AC87C92A4D86150014D45E /* Base */,
			);
			name = "SFProDisplay-Medium.ttf";
			sourceTree = "<group>";
		};
		50AC87CD2A4D861D0014D45E /* SFProDisplay-Bold.otf */ = {
			isa = PBXVariantGroup;
			children = (
				50AC87CC2A4D861D0014D45E /* Base */,
			);
			name = "SFProDisplay-Bold.otf";
			sourceTree = "<group>";
		};
/* End PBXVariantGroup section */

/* Begin XCBuildConfiguration section */
		50AC879B2A4D7BBA0014D45E /* Debug */ = {
			isa = XCBuildConfiguration;
			buildSettings = {
				ALWAYS_SEARCH_USER_PATHS = NO;
				CLANG_ANALYZER_NONNULL = YES;
				CLANG_ANALYZER_NUMBER_OBJECT_CONVERSION = YES_AGGRESSIVE;
				CLANG_CXX_LANGUAGE_STANDARD = "gnu++20";
				CLANG_ENABLE_MODULES = YES;
				CLANG_ENABLE_OBJC_ARC = YES;
				CLANG_ENABLE_OBJC_WEAK = YES;
				CLANG_WARN_BLOCK_CAPTURE_AUTORELEASING = YES;
				CLANG_WARN_BOOL_CONVERSION = YES;
				CLANG_WARN_COMMA = YES;
				CLANG_WARN_CONSTANT_CONVERSION = YES;
				CLANG_WARN_DEPRECATED_OBJC_IMPLEMENTATIONS = YES;
				CLANG_WARN_DIRECT_OBJC_ISA_USAGE = YES_ERROR;
				CLANG_WARN_DOCUMENTATION_COMMENTS = YES;
				CLANG_WARN_EMPTY_BODY = YES;
				CLANG_WARN_ENUM_CONVERSION = YES;
				CLANG_WARN_INFINITE_RECURSION = YES;
				CLANG_WARN_INT_CONVERSION = YES;
				CLANG_WARN_NON_LITERAL_NULL_CONVERSION = YES;
				CLANG_WARN_OBJC_IMPLICIT_RETAIN_SELF = YES;
				CLANG_WARN_OBJC_LITERAL_CONVERSION = YES;
				CLANG_WARN_OBJC_ROOT_CLASS = YES_ERROR;
				CLANG_WARN_QUOTED_INCLUDE_IN_FRAMEWORK_HEADER = YES;
				CLANG_WARN_RANGE_LOOP_ANALYSIS = YES;
				CLANG_WARN_STRICT_PROTOTYPES = YES;
				CLANG_WARN_SUSPICIOUS_MOVE = YES;
				CLANG_WARN_UNGUARDED_AVAILABILITY = YES_AGGRESSIVE;
				CLANG_WARN_UNREACHABLE_CODE = YES;
				CLANG_WARN__DUPLICATE_METHOD_MATCH = YES;
				COPY_PHASE_STRIP = NO;
				DEBUG_INFORMATION_FORMAT = dwarf;
				ENABLE_STRICT_OBJC_MSGSEND = YES;
				ENABLE_TESTABILITY = YES;
				GCC_C_LANGUAGE_STANDARD = gnu11;
				GCC_DYNAMIC_NO_PIC = NO;
				GCC_NO_COMMON_BLOCKS = YES;
				GCC_OPTIMIZATION_LEVEL = 0;
				GCC_PREPROCESSOR_DEFINITIONS = (
					"DEBUG=1",
					"$(inherited)",
				);
				GCC_WARN_64_TO_32_BIT_CONVERSION = YES;
				GCC_WARN_ABOUT_RETURN_TYPE = YES_ERROR;
				GCC_WARN_UNDECLARED_SELECTOR = YES;
				GCC_WARN_UNINITIALIZED_AUTOS = YES_AGGRESSIVE;
				GCC_WARN_UNUSED_FUNCTION = YES;
				GCC_WARN_UNUSED_VARIABLE = YES;
				IPHONEOS_DEPLOYMENT_TARGET = 16.4;
				MTL_ENABLE_DEBUG_INFO = INCLUDE_SOURCE;
				MTL_FAST_MATH = YES;
				ONLY_ACTIVE_ARCH = YES;
				SDKROOT = iphoneos;
				SWIFT_ACTIVE_COMPILATION_CONDITIONS = DEBUG;
				SWIFT_OPTIMIZATION_LEVEL = "-Onone";
			};
			name = Debug;
		};
		50AC879C2A4D7BBA0014D45E /* Release */ = {
			isa = XCBuildConfiguration;
			buildSettings = {
				ALWAYS_SEARCH_USER_PATHS = NO;
				CLANG_ANALYZER_NONNULL = YES;
				CLANG_ANALYZER_NUMBER_OBJECT_CONVERSION = YES_AGGRESSIVE;
				CLANG_CXX_LANGUAGE_STANDARD = "gnu++20";
				CLANG_ENABLE_MODULES = YES;
				CLANG_ENABLE_OBJC_ARC = YES;
				CLANG_ENABLE_OBJC_WEAK = YES;
				CLANG_WARN_BLOCK_CAPTURE_AUTORELEASING = YES;
				CLANG_WARN_BOOL_CONVERSION = YES;
				CLANG_WARN_COMMA = YES;
				CLANG_WARN_CONSTANT_CONVERSION = YES;
				CLANG_WARN_DEPRECATED_OBJC_IMPLEMENTATIONS = YES;
				CLANG_WARN_DIRECT_OBJC_ISA_USAGE = YES_ERROR;
				CLANG_WARN_DOCUMENTATION_COMMENTS = YES;
				CLANG_WARN_EMPTY_BODY = YES;
				CLANG_WARN_ENUM_CONVERSION = YES;
				CLANG_WARN_INFINITE_RECURSION = YES;
				CLANG_WARN_INT_CONVERSION = YES;
				CLANG_WARN_NON_LITERAL_NULL_CONVERSION = YES;
				CLANG_WARN_OBJC_IMPLICIT_RETAIN_SELF = YES;
				CLANG_WARN_OBJC_LITERAL_CONVERSION = YES;
				CLANG_WARN_OBJC_ROOT_CLASS = YES_ERROR;
				CLANG_WARN_QUOTED_INCLUDE_IN_FRAMEWORK_HEADER = YES;
				CLANG_WARN_RANGE_LOOP_ANALYSIS = YES;
				CLANG_WARN_STRICT_PROTOTYPES = YES;
				CLANG_WARN_SUSPICIOUS_MOVE = YES;
				CLANG_WARN_UNGUARDED_AVAILABILITY = YES_AGGRESSIVE;
				CLANG_WARN_UNREACHABLE_CODE = YES;
				CLANG_WARN__DUPLICATE_METHOD_MATCH = YES;
				COPY_PHASE_STRIP = NO;
				DEBUG_INFORMATION_FORMAT = "dwarf-with-dsym";
				ENABLE_NS_ASSERTIONS = NO;
				ENABLE_STRICT_OBJC_MSGSEND = YES;
				GCC_C_LANGUAGE_STANDARD = gnu11;
				GCC_NO_COMMON_BLOCKS = YES;
				GCC_WARN_64_TO_32_BIT_CONVERSION = YES;
				GCC_WARN_ABOUT_RETURN_TYPE = YES_ERROR;
				GCC_WARN_UNDECLARED_SELECTOR = YES;
				GCC_WARN_UNINITIALIZED_AUTOS = YES_AGGRESSIVE;
				GCC_WARN_UNUSED_FUNCTION = YES;
				GCC_WARN_UNUSED_VARIABLE = YES;
				IPHONEOS_DEPLOYMENT_TARGET = 16.4;
				MTL_ENABLE_DEBUG_INFO = NO;
				MTL_FAST_MATH = YES;
				SDKROOT = iphoneos;
				SWIFT_COMPILATION_MODE = wholemodule;
				SWIFT_OPTIMIZATION_LEVEL = "-O";
				VALIDATE_PRODUCT = YES;
			};
			name = Release;
		};
		50AC879E2A4D7BBA0014D45E /* Debug */ = {
			isa = XCBuildConfiguration;
			buildSettings = {
				ASSETCATALOG_COMPILER_APPICON_NAME = AppIcon;
				ASSETCATALOG_COMPILER_GLOBAL_ACCENT_COLOR_NAME = AccentColor;
				CODE_SIGN_STYLE = Automatic;
				CURRENT_PROJECT_VERSION = 1;
				DEVELOPMENT_ASSET_PATHS = "\"Bulletin board/Preview Content\"";
				ENABLE_PREVIEWS = YES;
				GENERATE_INFOPLIST_FILE = YES;
				INFOPLIST_FILE = "Bulletin-board-Info.plist";
				INFOPLIST_KEY_UIApplicationSceneManifest_Generation = YES;
				INFOPLIST_KEY_UIApplicationSupportsIndirectInputEvents = YES;
				INFOPLIST_KEY_UILaunchScreen_Generation = YES;
				INFOPLIST_KEY_UISupportedInterfaceOrientations_iPad = "UIInterfaceOrientationPortrait UIInterfaceOrientationPortraitUpsideDown UIInterfaceOrientationLandscapeLeft UIInterfaceOrientationLandscapeRight";
				INFOPLIST_KEY_UISupportedInterfaceOrientations_iPhone = "UIInterfaceOrientationPortrait UIInterfaceOrientationLandscapeLeft UIInterfaceOrientationLandscapeRight";
				LD_RUNPATH_SEARCH_PATHS = (
					"$(inherited)",
					"@executable_path/Frameworks",
				);
				MARKETING_VERSION = 1.0;
				PRODUCT_BUNDLE_IDENTIFIER = "KosyakovAlexander.Bulletin-board";
				PRODUCT_NAME = "$(TARGET_NAME)";
				SWIFT_EMIT_LOC_STRINGS = YES;
				SWIFT_VERSION = 5.0;
				TARGETED_DEVICE_FAMILY = "1,2";
			};
			name = Debug;
		};
		50AC879F2A4D7BBA0014D45E /* Release */ = {
			isa = XCBuildConfiguration;
			buildSettings = {
				ASSETCATALOG_COMPILER_APPICON_NAME = AppIcon;
				ASSETCATALOG_COMPILER_GLOBAL_ACCENT_COLOR_NAME = AccentColor;
				CODE_SIGN_STYLE = Automatic;
				CURRENT_PROJECT_VERSION = 1;
				DEVELOPMENT_ASSET_PATHS = "\"Bulletin board/Preview Content\"";
				ENABLE_PREVIEWS = YES;
				GENERATE_INFOPLIST_FILE = YES;
				INFOPLIST_FILE = "Bulletin-board-Info.plist";
				INFOPLIST_KEY_UIApplicationSceneManifest_Generation = YES;
				INFOPLIST_KEY_UIApplicationSupportsIndirectInputEvents = YES;
				INFOPLIST_KEY_UILaunchScreen_Generation = YES;
				INFOPLIST_KEY_UISupportedInterfaceOrientations_iPad = "UIInterfaceOrientationPortrait UIInterfaceOrientationPortraitUpsideDown UIInterfaceOrientationLandscapeLeft UIInterfaceOrientationLandscapeRight";
				INFOPLIST_KEY_UISupportedInterfaceOrientations_iPhone = "UIInterfaceOrientationPortrait UIInterfaceOrientationLandscapeLeft UIInterfaceOrientationLandscapeRight";
				LD_RUNPATH_SEARCH_PATHS = (
					"$(inherited)",
					"@executable_path/Frameworks",
				);
				MARKETING_VERSION = 1.0;
				PRODUCT_BUNDLE_IDENTIFIER = "KosyakovAlexander.Bulletin-board";
				PRODUCT_NAME = "$(TARGET_NAME)";
				SWIFT_EMIT_LOC_STRINGS = YES;
				SWIFT_VERSION = 5.0;
				TARGETED_DEVICE_FAMILY = "1,2";
			};
			name = Release;
		};
/* End XCBuildConfiguration section */

/* Begin XCConfigurationList section */
		50AC878A2A4D7BB80014D45E /* Build configuration list for PBXProject "Bulletin board" */ = {
			isa = XCConfigurationList;
			buildConfigurations = (
				50AC879B2A4D7BBA0014D45E /* Debug */,
				50AC879C2A4D7BBA0014D45E /* Release */,
			);
			defaultConfigurationIsVisible = 0;
			defaultConfigurationName = Release;
		};
		50AC879D2A4D7BBA0014D45E /* Build configuration list for PBXNativeTarget "Bulletin board" */ = {
			isa = XCConfigurationList;
			buildConfigurations = (
				50AC879E2A4D7BBA0014D45E /* Debug */,
				50AC879F2A4D7BBA0014D45E /* Release */,
			);
			defaultConfigurationIsVisible = 0;
			defaultConfigurationName = Release;
		};
/* End XCConfigurationList section */
	};
	rootObject = 50AC87872A4D7BB80014D45E /* Project object */;
}
